
Microsoft Visual Studio Solution File, Format Version 12.00
# Visual Studio Version 17
VisualStudioVersion = 17.7.34024.191
MinimumVisualStudioVersion = 10.0.40219.1
Project("{9A19103F-16F7-4668-BE54-9A1E7A4F7556}") = "App", "App\App.csproj", "{B17DEFBE-FB47-4080-81FC-8ABD97AACC52}"
EndProject
Project("{9A19103F-16F7-4668-BE54-9A1E7A4F7556}") = "BL", "BL\BL.csproj", "{2E3F5C61-5A5D-4C9B-BE69-C239DE86E623}"
EndProject
Project("{9A19103F-16F7-4668-BE54-9A1E7A4F7556}") = "DAL", "DAL\DAL.csproj", "{4837E262-1D5D-4B23-9999-B1F3D49235E0}"
EndProject
Global
	GlobalSection(SolutionConfigurationPlatforms) = preSolution
		Debug|Any CPU = Debug|Any CPU
		Release|Any CPU = Release|Any CPU
	EndGlobalSection
	GlobalSection(ProjectConfigurationPlatforms) = postSolution
		{B17DEFBE-FB47-4080-81FC-8ABD97AACC52}.Debug|Any CPU.ActiveCfg = Debug|Any CPU
		{B17DEFBE-FB47-4080-81FC-8ABD97AACC52}.Debug|Any CPU.Build.0 = Debug|Any CPU
		{B17DEFBE-FB47-4080-81FC-8ABD97AACC52}.Release|Any CPU.ActiveCfg = Release|Any CPU
		{B17DEFBE-FB47-4080-81FC-8ABD97AACC52}.Release|Any CPU.Build.0 = Release|Any CPU
		{2E3F5C61-5A5D-4C9B-BE69-C239DE86E623}.Debug|Any CPU.ActiveCfg = Debug|Any CPU
		{2E3F5C61-5A5D-4C9B-BE69-C239DE86E623}.Debug|Any CPU.Build.0 = Debug|Any CPU
		{2E3F5C61-5A5D-4C9B-BE69-C239DE86E623}.Release|Any CPU.ActiveCfg = Release|Any CPU
		{2E3F5C61-5A5D-4C9B-BE69-C239DE86E623}.Release|Any CPU.Build.0 = Release|Any CPU
		{4837E262-1D5D-4B23-9999-B1F3D49235E0}.Debug|Any CPU.ActiveCfg = Debug|Any CPU
		{4837E262-1D5D-4B23-9999-B1F3D49235E0}.Debug|Any CPU.Build.0 = Debug|Any CPU
		{4837E262-1D5D-4B23-9999-B1F3D49235E0}.Release|Any CPU.ActiveCfg = Release|Any CPU
		{4837E262-1D5D-4B23-9999-B1F3D49235E0}.Release|Any CPU.Build.0 = Release|Any CPU
	EndGlobalSection
	GlobalSection(SolutionProperties) = preSolution
		HideSolutionNode = FALSE
	EndGlobalSection
	GlobalSection(ExtensibilityGlobals) = postSolution
		SolutionGuid = {419D87E9-D474-4153-B8FE-CFB6CDEEA9FB}
	EndGlobalSection
EndGlobal
